
Microsoft Visual Studio Solution File, Format Version 12.00
# Visual Studio 15
VisualStudioVersion = 15.0.28307.1169
MinimumVisualStudioVersion = 10.0.40219.1
Project("{8BC9CEB8-8B4A-11D0-8D11-00A0C91BC942}") = "HappyNumbers", "HappyNumbers\HappyNumbers.vcxproj", "{A50C35E3-5A2D-4555-A585-18A37F5276CE}"
EndProject
Global
	GlobalSection(SolutionConfigurationPlatforms) = preSolution
		Debug|x64 = Debug|x64
		Debug|x86 = Debug|x86
		Release|x64 = Release|x64
		Release|x86 = Release|x86
	EndGlobalSection
	GlobalSection(ProjectConfigurationPlatforms) = postSolution
		{A50C35E3-5A2D-4555-A585-18A37F5276CE}.Debug|x64.ActiveCfg = Debug|x64
		{A50C35E3-5A2D-4555-A585-18A37F5276CE}.Debug|x64.Build.0 = Debug|x64
		{A50C35E3-5A2D-4555-A585-18A37F5276CE}.Debug|x86.ActiveCfg = Debug|Win32
		{A50C35E3-5A2D-4555-A585-18A37F5276CE}.Debug|x86.Build.0 = Debug|Win32
		{A50C35E3-5A2D-4555-A585-18A37F5276CE}.Release|x64.ActiveCfg = Release|x64
		{A50C35E3-5A2D-4555-A585-18A37F5276CE}.Release|x64.Build.0 = Release|x64
		{A50C35E3-5A2D-4555-A585-18A37F5276CE}.Release|x86.ActiveCfg = Release|Win32
		{A50C35E3-5A2D-4555-A585-18A37F5276CE}.Release|x86.Build.0 = Release|Win32
	EndGlobalSection
	GlobalSection(SolutionProperties) = preSolution
		HideSolutionNode = FALSE
	EndGlobalSection
	GlobalSection(ExtensibilityGlobals) = postSolution
		SolutionGuid = {B6691B15-1EB4-4CF9-81A3-4B75505C18F4}
	EndGlobalSection
EndGlobal
